
Microsoft Visual Studio Solution File, Format Version 12.00
# Visual Studio Version 16
VisualStudioVersion = 16.0.30517.126
MinimumVisualStudioVersion = 10.0.40219.1
Project("{FAE04EC0-301F-11D3-BF4B-00C04F79EFBC}") = "Xh.FastTrading.Wpf", "Xh.FastTrading.Wpf\Xh.FastTrading.Wpf.csproj", "{01D68DFC-DACA-4D68-9068-B8EB4E8A2FC4}"
EndProject
Project("{FAE04EC0-301F-11D3-BF4B-00C04F79EFBC}") = "Xh.FastTrading.Model", "Xh.FastTrading.Model\Xh.FastTrading.Model.csproj", "{63DF110A-1A6D-462C-9880-4AFEC1763FF0}"
EndProject
Project("{FAE04EC0-301F-11D3-BF4B-00C04F79EFBC}") = "Uninstall", "Uninstall\Uninstall.csproj", "{817534A9-5683-46F1-863B-5653CC432AF7}"
EndProject
Global
	GlobalSection(SolutionConfigurationPlatforms) = preSolution
		Debug|Any CPU = Debug|Any CPU
		Release|Any CPU = Release|Any CPU
	EndGlobalSection
	GlobalSection(ProjectConfigurationPlatforms) = postSolution
		{01D68DFC-DACA-4D68-9068-B8EB4E8A2FC4}.Debug|Any CPU.ActiveCfg = Debug|Any CPU
		{01D68DFC-DACA-4D68-9068-B8EB4E8A2FC4}.Debug|Any CPU.Build.0 = Debug|Any CPU
		{01D68DFC-DACA-4D68-9068-B8EB4E8A2FC4}.Release|Any CPU.ActiveCfg = Release|Any CPU
		{01D68DFC-DACA-4D68-9068-B8EB4E8A2FC4}.Release|Any CPU.Build.0 = Release|Any CPU
		{63DF110A-1A6D-462C-9880-4AFEC1763FF0}.Debug|Any CPU.ActiveCfg = Debug|Any CPU
		{63DF110A-1A6D-462C-9880-4AFEC1763FF0}.Debug|Any CPU.Build.0 = Debug|Any CPU
		{63DF110A-1A6D-462C-9880-4AFEC1763FF0}.Release|Any CPU.ActiveCfg = Release|Any CPU
		{63DF110A-1A6D-462C-9880-4AFEC1763FF0}.Release|Any CPU.Build.0 = Release|Any CPU
		{817534A9-5683-46F1-863B-5653CC432AF7}.Debug|Any CPU.ActiveCfg = Debug|Any CPU
		{817534A9-5683-46F1-863B-5653CC432AF7}.Debug|Any CPU.Build.0 = Debug|Any CPU
		{817534A9-5683-46F1-863B-5653CC432AF7}.Release|Any CPU.ActiveCfg = Release|Any CPU
		{817534A9-5683-46F1-863B-5653CC432AF7}.Release|Any CPU.Build.0 = Release|Any CPU
	EndGlobalSection
	GlobalSection(SolutionProperties) = preSolution
		HideSolutionNode = FALSE
	EndGlobalSection
	GlobalSection(ExtensibilityGlobals) = postSolution
		SolutionGuid = {6E280E2C-0E8A-49D0-9CCE-60BE317FC53A}
	EndGlobalSection
EndGlobal
